
Microsoft Visual Studio Solution File, Format Version 12.00
# Visual Studio 14
VisualStudioVersion = 14.0.25420.1
MinimumVisualStudioVersion = 10.0.40219.1
Project("{FAE04EC0-301F-11D3-BF4B-00C04F79EFBC}") = "MyPractises", "MyPractises\MyPractises.csproj", "{9FB602C1-7479-47A1-AA9E-47894FC62564}"
EndProject
Project("{2150E333-8FDC-42A3-9474-1A3956D46DE8}") = "Libraries", "Libraries", "{7BE07293-72C9-491F-9856-2429E5105011}"
EndProject
Project("{2150E333-8FDC-42A3-9474-1A3956D46DE8}") = "Prism", "Prism", "{E3E0B0EE-EA8A-436A-8E72-FA1DB25E0CAB}"
EndProject
Project("{2150E333-8FDC-42A3-9474-1A3956D46DE8}") = "Socket", "Socket", "{58E65EDF-0AA9-44F4-9CEB-4B4F26DB4D7F}"
EndProject
Project("{FAE04EC0-301F-11D3-BF4B-00C04F79EFBC}") = "BehaviorLibrary", "Libraries\BehaviorLibrary\BehaviorLibrary.csproj", "{0E5E3392-C6B0-4449-AFF1-31610878C283}"
EndProject
Project("{FAE04EC0-301F-11D3-BF4B-00C04F79EFBC}") = "LogLibrary", "Libraries\LogLibrary\LogLibrary.csproj", "{3DF20168-26F0-49EB-84D4-494DA7D32720}"
EndProject
Project("{FAE04EC0-301F-11D3-BF4B-00C04F79EFBC}") = "PrismTestHello", "Prism\PrismTestHello\PrismTestHello.csproj", "{F8FA4F67-A1A7-4AFB-8C5D-C29CAE15B7B5}"
EndProject
Project("{FAE04EC0-301F-11D3-BF4B-00C04F79EFBC}") = "HelloWorldModule", "Prism\HelloWorldModule\HelloWorldModule.csproj", "{2495315A-78B9-4242-BAF2-F5B13897D456}"
EndProject
Project("{FAE04EC0-301F-11D3-BF4B-00C04F79EFBC}") = "SocketClient", "Sockets\SocketClient\SocketClient.csproj", "{288487FC-32B0-4AC4-88FC-6BFE5E100E40}"
EndProject
Project("{FAE04EC0-301F-11D3-BF4B-00C04F79EFBC}") = "SocketServer", "Sockets\SocketServer\SocketServer.csproj", "{227445F5-AAF2-44EC-89CF-14A255C8880D}"
EndProject
Project("{2150E333-8FDC-42A3-9474-1A3956D46DE8}") = "Container", "Container", "{947DF3A7-8B5D-409D-B5DF-20E5FB965947}"
EndProject
Project("{FAE04EC0-301F-11D3-BF4B-00C04F79EFBC}") = "WpfSample", "Container\WpfSample\WpfSample.csproj", "{1D901854-4570-4066-8F26-A5F974B69EBA}"
EndProject
Global
	GlobalSection(SolutionConfigurationPlatforms) = preSolution
		Debug|Any CPU = Debug|Any CPU
		Release|Any CPU = Release|Any CPU
	EndGlobalSection
	GlobalSection(ProjectConfigurationPlatforms) = postSolution
		{9FB602C1-7479-47A1-AA9E-47894FC62564}.Debug|Any CPU.ActiveCfg = Debug|Any CPU
		{9FB602C1-7479-47A1-AA9E-47894FC62564}.Debug|Any CPU.Build.0 = Debug|Any CPU
		{9FB602C1-7479-47A1-AA9E-47894FC62564}.Release|Any CPU.ActiveCfg = Release|Any CPU
		{9FB602C1-7479-47A1-AA9E-47894FC62564}.Release|Any CPU.Build.0 = Release|Any CPU
		{0E5E3392-C6B0-4449-AFF1-31610878C283}.Debug|Any CPU.ActiveCfg = Debug|Any CPU
		{0E5E3392-C6B0-4449-AFF1-31610878C283}.Debug|Any CPU.Build.0 = Debug|Any CPU
		{0E5E3392-C6B0-4449-AFF1-31610878C283}.Release|Any CPU.ActiveCfg = Release|Any CPU
		{0E5E3392-C6B0-4449-AFF1-31610878C283}.Release|Any CPU.Build.0 = Release|Any CPU
		{3DF20168-26F0-49EB-84D4-494DA7D32720}.Debug|Any CPU.ActiveCfg = Debug|Any CPU
		{3DF20168-26F0-49EB-84D4-494DA7D32720}.Debug|Any CPU.Build.0 = Debug|Any CPU
		{3DF20168-26F0-49EB-84D4-494DA7D32720}.Release|Any CPU.ActiveCfg = Release|Any CPU
		{3DF20168-26F0-49EB-84D4-494DA7D32720}.Release|Any CPU.Build.0 = Release|Any CPU
		{F8FA4F67-A1A7-4AFB-8C5D-C29CAE15B7B5}.Debug|Any CPU.ActiveCfg = Debug|Any CPU
		{F8FA4F67-A1A7-4AFB-8C5D-C29CAE15B7B5}.Debug|Any CPU.Build.0 = Debug|Any CPU
		{F8FA4F67-A1A7-4AFB-8C5D-C29CAE15B7B5}.Release|Any CPU.ActiveCfg = Release|Any CPU
		{F8FA4F67-A1A7-4AFB-8C5D-C29CAE15B7B5}.Release|Any CPU.Build.0 = Release|Any CPU
		{2495315A-78B9-4242-BAF2-F5B13897D456}.Debug|Any CPU.ActiveCfg = Debug|Any CPU
		{2495315A-78B9-4242-BAF2-F5B13897D456}.Debug|Any CPU.Build.0 = Debug|Any CPU
		{2495315A-78B9-4242-BAF2-F5B13897D456}.Release|Any CPU.ActiveCfg = Release|Any CPU
		{2495315A-78B9-4242-BAF2-F5B13897D456}.Release|Any CPU.Build.0 = Release|Any CPU
		{288487FC-32B0-4AC4-88FC-6BFE5E100E40}.Debug|Any CPU.ActiveCfg = Debug|Any CPU
		{288487FC-32B0-4AC4-88FC-6BFE5E100E40}.Debug|Any CPU.Build.0 = Debug|Any CPU
		{288487FC-32B0-4AC4-88FC-6BFE5E100E40}.Release|Any CPU.ActiveCfg = Release|Any CPU
		{288487FC-32B0-4AC4-88FC-6BFE5E100E40}.Release|Any CPU.Build.0 = Release|Any CPU
		{227445F5-AAF2-44EC-89CF-14A255C8880D}.Debug|Any CPU.ActiveCfg = Debug|Any CPU
		{227445F5-AAF2-44EC-89CF-14A255C8880D}.Debug|Any CPU.Build.0 = Debug|Any CPU
		{227445F5-AAF2-44EC-89CF-14A255C8880D}.Release|Any CPU.ActiveCfg = Release|Any CPU
		{227445F5-AAF2-44EC-89CF-14A255C8880D}.Release|Any CPU.Build.0 = Release|Any CPU
		{1D901854-4570-4066-8F26-A5F974B69EBA}.Debug|Any CPU.ActiveCfg = Debug|Any CPU
		{1D901854-4570-4066-8F26-A5F974B69EBA}.Debug|Any CPU.Build.0 = Debug|Any CPU
		{1D901854-4570-4066-8F26-A5F974B69EBA}.Release|Any CPU.ActiveCfg = Release|Any CPU
		{1D901854-4570-4066-8F26-A5F974B69EBA}.Release|Any CPU.Build.0 = Release|Any CPU
	EndGlobalSection
	GlobalSection(SolutionProperties) = preSolution
		HideSolutionNode = FALSE
	EndGlobalSection
	GlobalSection(NestedProjects) = preSolution
		{0E5E3392-C6B0-4449-AFF1-31610878C283} = {7BE07293-72C9-491F-9856-2429E5105011}
		{3DF20168-26F0-49EB-84D4-494DA7D32720} = {7BE07293-72C9-491F-9856-2429E5105011}
		{F8FA4F67-A1A7-4AFB-8C5D-C29CAE15B7B5} = {E3E0B0EE-EA8A-436A-8E72-FA1DB25E0CAB}
		{2495315A-78B9-4242-BAF2-F5B13897D456} = {E3E0B0EE-EA8A-436A-8E72-FA1DB25E0CAB}
		{288487FC-32B0-4AC4-88FC-6BFE5E100E40} = {58E65EDF-0AA9-44F4-9CEB-4B4F26DB4D7F}
		{227445F5-AAF2-44EC-89CF-14A255C8880D} = {58E65EDF-0AA9-44F4-9CEB-4B4F26DB4D7F}
		{1D901854-4570-4066-8F26-A5F974B69EBA} = {947DF3A7-8B5D-409D-B5DF-20E5FB965947}
	EndGlobalSection
EndGlobal
